{
  "R": {
    "Version": "4.5.2",
    "Repositories": [
      {
        "Name": "CRAN",
        "URL": "https://cloud.r-project.org"
      }
    ]
  },
  "Packages": {
    "askpass": {"Package": "askpass", "Version": "1.2.1", "Source": "Repository", "Repository": "CRAN"},
    "cli": {"Package": "cli", "Version": "3.6.6", "Source": "Repository", "Repository": "CRAN"},
    "curl": {"Package": "curl", "Version": "7.1.0", "Source": "Repository", "Repository": "CRAN"},
    "dplyr": {"Package": "dplyr", "Version": "1.2.1", "Source": "Repository", "Repository": "CRAN"},
    "generics": {"Package": "generics", "Version": "0.1.4", "Source": "Repository", "Repository": "CRAN"},
    "glue": {"Package": "glue", "Version": "1.8.1", "Source": "Repository", "Repository": "CRAN"},
    "httr2": {"Package": "httr2", "Version": "1.2.2", "Source": "Repository", "Repository": "CRAN"},
    "jsonlite": {"Package": "jsonlite", "Version": "2.0.0", "Source": "Repository", "Repository": "CRAN"},
    "lifecycle": {"Package": "lifecycle", "Version": "1.0.5", "Source": "Repository", "Repository": "CRAN"},
    "magrittr": {"Package": "magrittr", "Version": "2.0.5", "Source": "Repository", "Repository": "CRAN"},
    "openssl": {"Package": "openssl", "Version": "2.4.1", "Source": "Repository", "Repository": "CRAN"},
    "pillar": {"Package": "pillar", "Version": "1.11.1", "Source": "Repository", "Repository": "CRAN"},
    "pkgconfig": {"Package": "pkgconfig", "Version": "2.0.3", "Source": "Repository", "Repository": "CRAN"},
    "purrr": {"Package": "purrr", "Version": "1.2.2", "Source": "Repository", "Repository": "CRAN"},
    "R6": {"Package": "R6", "Version": "2.6.1", "Source": "Repository", "Repository": "CRAN"},
    "rappdirs": {"Package": "rappdirs", "Version": "0.3.4", "Source": "Repository", "Repository": "CRAN"},
    "rlang": {"Package": "rlang", "Version": "1.2.0", "Source": "Repository", "Repository": "CRAN"},
    "stringi": {"Package": "stringi", "Version": "1.8.7", "Source": "Repository", "Repository": "CRAN"},
    "stringr": {"Package": "stringr", "Version": "1.6.0", "Source": "Repository", "Repository": "CRAN"},
    "sys": {"Package": "sys", "Version": "3.4.3", "Source": "Repository", "Repository": "CRAN"},
    "tibble": {"Package": "tibble", "Version": "3.3.1", "Source": "Repository", "Repository": "CRAN"},
    "tidyselect": {"Package": "tidyselect", "Version": "1.2.1", "Source": "Repository", "Repository": "CRAN"},
    "utf8": {"Package": "utf8", "Version": "1.2.6", "Source": "Repository", "Repository": "CRAN"},
    "vctrs": {"Package": "vctrs", "Version": "0.7.3", "Source": "Repository", "Repository": "CRAN"},
    "withr": {"Package": "withr", "Version": "3.0.2", "Source": "Repository", "Repository": "CRAN"},
    "xml2": {"Package": "xml2", "Version": "1.5.2", "Source": "Repository", "Repository": "CRAN"}
  }
}
